// !$*UTF8*$!
{
	archiveVersion = 1;
	classes = {
	};
	objectVersion = 46;
	objects = {

/* Begin PBXBuildFile section */
		333B45AD1A038DE9004799FF /* main.m in Sources */ = {isa = PBXBuildFile; fileRef = 333B45AC1A038DE9004799FF /* main.m */; };
		333B45B01A038DE9004799FF /* AppDelegate.m in Sources */ = {isa = PBXBuildFile; fileRef = 333B45AF1A038DE9004799FF /* AppDelegate.m */; };
		333B45B31A038DE9004799FF /* ViewController.m in Sources */ = {isa = PBXBuildFile; fileRef = 333B45B21A038DE9004799FF /* ViewController.m */; };
		333B45B61A038DE9004799FF /* Main.storyboard in Resources */ = {isa = PBXBuildFile; fileRef = 333B45B41A038DE9004799FF /* Main.storyboard */; };
		333B45B81A038DE9004799FF /* Images.xcassets in Resources */ = {isa = PBXBuildFile; fileRef = 333B45B71A038DE9004799FF /* Images.xcassets */; };
		333B45BB1A038DE9004799FF /* LaunchScreen.xib in Resources */ = {isa = PBXBuildFile; fileRef = 333B45B91A038DE9004799FF /* LaunchScreen.xib */; };
		333B45C71A038DE9004799FF /* TempusZeroTests.m in Sources */ = {isa = PBXBuildFile; fileRef = 333B45C61A038DE9004799FF /* TempusZeroTests.m */; };
/* End PBXBuildFile section */

/* Begin PBXContainerItemProxy section */
		333B45C11A038DE9004799FF /* PBXContainerItemProxy */ = {
			isa = PBXContainerItemProxy;
			containerPortal = 333B459F1A038DE9004799FF /* Project object */;
			proxyType = 1;
			remoteGlobalIDString = 333B45A61A038DE9004799FF;
			remoteInfo = TempusZero;
		};
/* End PBXContainerItemProxy section */

/* Begin PBXFileReference section */
		333B45A71A038DE9004799FF /* TempusZero.app */ = {isa = PBXFileReference; explicitFileType = wrapper.application; includeInIndex = 0; path = TempusZero.app; sourceTree = BUILT_PRODUCTS_DIR; };
		333B45AB1A038DE9004799FF /* Info.plist */ = {isa = PBXFileReference; lastKnownFileType = text.plist.xml; path = Info.plist; sourceTree = "<group>"; };
		333B45AC1A038DE9004799FF /* main.m */ = {isa = PBXFileReference; lastKnownFileType = sourcecode.c.objc; path = main.m; sourceTree = "<group>"; };
		333B45AE1A038DE9004799FF /* AppDelegate.h */ = {isa = PBXFileReference; lastKnownFileType = sourcecode.c.h; path = AppDelegate.h; sourceTree = "<group>"; };
		333B45AF1A038DE9004799FF /* AppDelegate.m */ = {isa = PBXFileReference; lastKnownFileType = sourcecode.c.objc; path = AppDelegate.m; sourceTree = "<group>"; };
		333B45B11A038DE9004799FF /* ViewController.h */ = {isa = PBXFileReference; lastKnownFileType = sourcecode.c.h; path = ViewController.h; sourceTree = "<group>"; };
		333B45B21A038DE9004799FF /* ViewController.m */ = {isa = PBXFileReference; lastKnownFileType = sourcecode.c.objc; path = ViewController.m; sourceTree = "<group>"; };
		333B45B51A038DE9004799FF /* Base */ = {isa = PBXFileReference; lastKnownFileType = file.storyboard; name = Base; path = Base.lproj/Main.storyboard; sourceTree = "<group>"; };
		333B45B71A038DE9004799FF /* Images.xcassets */ = {isa = PBXFileReference; lastKnownFileType = folder.assetcatalog; path = Images.xcassets; sourceTree = "<group>"; };
		333B45BA1A038DE9004799FF /* Base */ = {isa = PBXFileReference; lastKnownFileType = file.xib; name = Base; path = Base.lproj/LaunchScreen.xib; sourceTree = "<group>"; };
		333B45C01A038DE9004799FF /* TempusZeroTests.xctest */ = {isa = PBXFileReference; explicitFileType = wrapper.cfbundle; includeInIndex = 0; path = TempusZeroTests.xctest; sourceTree = BUILT_PRODUCTS_DIR; };
		333B45C51A038DE9004799FF /* Info.plist */ = {isa = PBXFileReference; lastKnownFileType = text.plist.xml; path = Info.plist; sourceTree = "<group>"; };
		333B45C61A038DE9004799FF /* TempusZeroTests.m */ = {isa = PBXFileReference; lastKnownFileType = sourcecode.c.objc; path = TempusZeroTests.m; sourceTree = "<group>"; };
/* End PBXFileReference section */

/* Begin PBXFrameworksBuildPhase section */
		333B45A41A038DE9004799FF /* Frameworks */ = {
			isa = PBXFrameworksBuildPhase;
			buildActionMask = 2147483647;
			files = (
			);
			runOnlyForDeploymentPostprocessing = 0;
		};
		333B45BD1A038DE9004799FF /* Frameworks */ = {
			isa = PBXFrameworksBuildPhase;
			buildActionMask = 2147483647;
			files = (
			);
			runOnlyForDeploymentPostprocessing = 0;
		};
/* End PBXFrameworksBuildPhase section */

/* Begin PBXGroup section */
		333B459E1A038DE9004799FF = {
			isa = PBXGroup;
			children = (
				333B45A91A038DE9004799FF /* TempusZero */,
				333B45C31A038DE9004799FF /* TempusZeroTests */,
				333B45A81A038DE9004799FF /* Products */,
			);
			sourceTree = "<group>";
		};
		333B45A81A038DE9004799FF /* Products */ = {
			isa = PBXGroup;
			children = (
				333B45A71A038DE9004799FF /* TempusZero.app */,
				333B45C01A038DE9004799FF /* TempusZeroTests.xctest */,
			);
			name = Products;
			sourceTree = "<group>";
		};
		333B45A91A038DE9004799FF /* TempusZero */ = {
			isa = PBXGroup;
			children = (
				333B45AE1A038DE9004799FF /* AppDelegate.h */,
				333B45AF1A038DE9004799FF /* AppDelegate.m */,
				333B45B11A038DE9004799FF /* ViewController.h */,
				333B45B21A038DE9004799FF /* ViewController.m */,
				333B45B41A038DE9004799FF /* Main.storyboard */,
				333B45B71A038DE9004799FF /* Images.xcassets */,
				333B45B91A038DE9004799FF /* LaunchScreen.xib */,
				333B45AA1A038DE9004799FF /* Supporting Files */,
			);
			path = TempusZero;
			sourceTree = "<group>";
		};
		333B45AA1A038DE9004799FF /* Supporting Files */ = {
			isa = PBXGroup;
			children = (
				333B45AB1A038DE9004799FF /* Info.plist */,
				333B45AC1A038DE9004799FF /* main.m */,
			);
			name = "Supporting Files";
			sourceTree = "<group>";
		};
		333B45C31A038DE9004799FF /* TempusZeroTests */ = {
			isa = PBXGroup;
			children = (
				333B45C61A038DE9004799FF /* TempusZeroTests.m */,
				333B45C41A038DE9004799FF /* Supporting Files */,
			);
			path = TempusZeroTests;
			sourceTree = "<group>";
		};
		333B45C41A038DE9004799FF /* Supporting Files */ = {
			isa = PBXGroup;
			children = (
				333B45C51A038DE9004799FF /* Info.plist */,
			);
			name = "Supporting Files";
			sourceTree = "<group>";
		};
/* End PBXGroup section */

/* Begin PBXNativeTarget section */
		333B45A61A038DE9004799FF /* TempusZero */ = {
			isa = PBXNativeTarget;
			buildConfigurationList = 333B45CA1A038DE9004799FF /* Build configuration list for PBXNativeTarget "TempusZero" */;
			buildPhases = (
				333B45A31A038DE9004799FF /* Sources */,
				333B45A41A038DE9004799FF /* Frameworks */,
				333B45A51A038DE9004799FF /* Resources */,
			);
			buildRules = (
			);
			dependencies = (
			);
			name = TempusZero;
			productName = TempusZero;
			productReference = 333B45A71A038DE9004799FF /* TempusZero.app */;
			productType = "com.apple.product-type.application";
		};
		333B45BF1A038DE9004799FF /* TempusZeroTests */ = {
			isa = PBXNativeTarget;
			buildConfigurationList = 333B45CD1A038DE9004799FF /* Build configuration list for PBXNativeTarget "TempusZeroTests" */;
			buildPhases = (
				333B45BC1A038DE9004799FF /* Sources */,
				333B45BD1A038DE9004799FF /* Frameworks */,
				333B45BE1A038DE9004799FF /* Resources */,
			);
			buildRules = (
			);
			dependencies = (
				333B45C21A038DE9004799FF /* PBXTargetDependency */,
			);
			name = TempusZeroTests;
			productName = TempusZeroTests;
			productReference = 333B45C01A038DE9004799FF /* TempusZeroTests.xctest */;
			productType = "com.apple.product-type.bundle.unit-test";
		};
/* End PBXNativeTarget section */

/* Begin PBXProject section */
		333B459F1A038DE9004799FF /* Project object */ = {
			isa = PBXProject;
			attributes = {
				LastUpgradeCheck = 0610;
				ORGANIZATIONNAME = TEMPUS;
				TargetAttributes = {
					333B45A61A038DE9004799FF = {
						CreatedOnToolsVersion = 6.1;
					};
					333B45BF1A038DE9004799FF = {
						CreatedOnToolsVersion = 6.1;
						TestTargetID = 333B45A61A038DE9004799FF;
					};
				};
			};
			buildConfigurationList = 333B45A21A038DE9004799FF /* Build configuration list for PBXProject "TempusZero" */;
			compatibilityVersion = "Xcode 3.2";
			developmentRegion = English;
			hasScannedForEncodings = 0;
			knownRegions = (
				en,
				Base,
			);
			mainGroup = 333B459E1A038DE9004799FF;
			productRefGroup = 333B45A81A038DE9004799FF /* Products */;
			projectDirPath = "";
			projectRoot = "";
			targets = (
				333B45A61A038DE9004799FF /* TempusZero */,
				333B45BF1A038DE9004799FF /* TempusZeroTests */,
			);
		};
/* End PBXProject section */

/* Begin PBXResourcesBuildPhase section */
		333B45A51A038DE9004799FF /* Resources */ = {
			isa = PBXResourcesBuildPhase;
			buildActionMask = 2147483647;
			files = (
				333B45B61A038DE9004799FF /* Main.storyboard in Resources */,
				333B45BB1A038DE9004799FF /* LaunchScreen.xib in Resources */,
				333B45B81A038DE9004799FF /* Images.xcassets in Resources */,
			);
			runOnlyForDeploymentPostprocessing = 0;
		};
		333B45BE1A038DE9004799FF /* Resources */ = {
			isa = PBXResourcesBuildPhase;
			buildActionMask = 2147483647;
			files = (
			);
			runOnlyForDeploymentPostprocessing = 0;
		};
/* End PBXResourcesBuildPhase section */

/* Begin PBXSourcesBuildPhase section */
		333B45A31A038DE9004799FF /* Sources */ = {
			isa = PBXSourcesBuildPhase;
			buildActionMask = 2147483647;
			files = (
				333B45B31A038DE9004799FF /* ViewController.m in Sources */,
				333B45B01A038DE9004799FF /* AppDelegate.m in Sources */,
				333B45AD1A038DE9004799FF /* main.m in Sources */,
			);
			runOnlyForDeploymentPostprocessing = 0;
		};
		333B45BC1A038DE9004799FF /* Sources */ = {
			isa = PBXSourcesBuildPhase;
			buildActionMask = 2147483647;
			files = (
				333B45C71A038DE9004799FF /* TempusZeroTests.m in Sources */,
			);
			runOnlyForDeploymentPostprocessing = 0;
		};
/* End PBXSourcesBuildPhase section */

/* Begin PBXTargetDependency section */
		333B45C21A038DE9004799FF /* PBXTargetDependency */ = {
			isa = PBXTargetDependency;
			target = 333B45A61A038DE9004799FF /* TempusZero */;
			targetProxy = 333B45C11A038DE9004799FF /* PBXContainerItemProxy */;
		};
/* End PBXTargetDependency section */

/* Begin PBXVariantGroup section */
		333B45B41A038DE9004799FF /* Main.storyboard */ = {
			isa = PBXVariantGroup;
			children = (
				333B45B51A038DE9004799FF /* Base */,
			);
			name = Main.storyboard;
			sourceTree = "<group>";
		};
		333B45B91A038DE9004799FF /* LaunchScreen.xib */ = {
			isa = PBXVariantGroup;
			children = (
				333B45BA1A038DE9004799FF /* Base */,
			);
			name = LaunchScreen.xib;
			sourceTree = "<group>";
		};
/* End PBXVariantGroup section */

/* Begin XCBuildConfiguration section */
		333B45C81A038DE9004799FF /* Debug */ = {
			isa = XCBuildConfiguration;
			buildSettings = {
				ALWAYS_SEARCH_USER_PATHS = NO;
				CLANG_CXX_LANGUAGE_STANDARD = "gnu++0x";
				CLANG_CXX_LIBRARY = "libc++";
				CLANG_ENABLE_MODULES = YES;
				CLANG_ENABLE_OBJC_ARC = YES;
				CLANG_WARN_BOOL_CONVERSION = YES;
				CLANG_WARN_CONSTANT_CONVERSION = YES;
				CLANG_WARN_DIRECT_OBJC_ISA_USAGE = YES_ERROR;
				CLANG_WARN_EMPTY_BODY = YES;
				CLANG_WARN_ENUM_CONVERSION = YES;
				CLANG_WARN_INT_CONVERSION = YES;
				CLANG_WARN_OBJC_ROOT_CLASS = YES_ERROR;
				CLANG_WARN_UNREACHABLE_CODE = YES;
				CLANG_WARN__DUPLICATE_METHOD_MATCH = YES;
				"CODE_SIGN_IDENTITY[sdk=iphoneos*]" = "iPhone Developer";
				COPY_PHASE_STRIP = NO;
				ENABLE_STRICT_OBJC_MSGSEND = YES;
				GCC_C_LANGUAGE_STANDARD = gnu99;
				GCC_DYNAMIC_NO_PIC = NO;
				GCC_OPTIMIZATION_LEVEL = 0;
				GCC_PREPROCESSOR_DEFINITIONS = (
					"DEBUG=1",
					"$(inherited)",
				);
				GCC_SYMBOLS_PRIVATE_EXTERN = NO;
				GCC_WARN_64_TO_32_BIT_CONVERSION = YES;
				GCC_WARN_ABOUT_RETURN_TYPE = YES_ERROR;
				GCC_WARN_UNDECLARED_SELECTOR = YES;
				GCC_WARN_UNINITIALIZED_AUTOS = YES_AGGRESSIVE;
				GCC_WARN_UNUSED_FUNCTION = YES;
				GCC_WARN_UNUSED_VARIABLE = YES;
				IPHONEOS_DEPLOYMENT_TARGET = 8.1;
				MTL_ENABLE_DEBUG_INFO = YES;
				ONLY_ACTIVE_ARCH = YES;
				SDKROOT = iphoneos;
				TARGETED_DEVICE_FAMILY = "1,2";
			};
			name = Debug;
		};
		333B45C91A038DE9004799FF /* Release */ = {
			isa = XCBuildConfiguration;
			buildSettings = {
				ALWAYS_SEARCH_USER_PATHS = NO;
				CLANG_CXX_LANGUAGE_STANDARD = "gnu++0x";
				CLANG_CXX_LIBRARY = "libc++";
				CLANG_ENABLE_MODULES = YES;
				CLANG_ENABLE_OBJC_ARC = YES;
				CLANG_WARN_BOOL_CONVERSION = YES;
				CLANG_WARN_CONSTANT_CONVERSION = YES;
				CLANG_WARN_DIRECT_OBJC_ISA_USAGE = YES_ERROR;
				CLANG_WARN_EMPTY_BODY = YES;
				CLANG_WARN_ENUM_CONVERSION = YES;
				CLANG_WARN_INT_CONVERSION = YES;
				CLANG_WARN_OBJC_ROOT_CLASS = YES_ERROR;
				CLANG_WARN_UNREACHABLE_CODE = YES;
				CLANG_WARN__DUPLICATE_METHOD_MATCH = YES;
				"CODE_SIGN_IDENTITY[sdk=iphoneos*]" = "iPhone Developer";
				COPY_PHASE_STRIP = YES;
				ENABLE_NS_ASSERTIONS = NO;
				ENABLE_STRICT_OBJC_MSGSEND = YES;
				GCC_C_LANGUAGE_STANDARD = gnu99;
				GCC_WARN_64_TO_32_BIT_CONVERSION = YES;
				GCC_WARN_ABOUT_RETURN_TYPE = YES_ERROR;
				GCC_WARN_UNDECLARED_SELECTOR = YES;
				GCC_WARN_UNINITIALIZED_AUTOS = YES_AGGRESSIVE;
				GCC_WARN_UNUSED_FUNCTION = YES;
				GCC_WARN_UNUSED_VARIABLE = YES;
				IPHONEOS_DEPLOYMENT_TARGET = 8.1;
				MTL_ENABLE_DEBUG_INFO = NO;
				SDKROOT = iphoneos;
				TARGETED_DEVICE_FAMILY = "1,2";
				VALIDATE_PRODUCT = YES;
			};
			name = Release;
		};
		333B45CB1A038DE9004799FF /* Debug */ = {
			isa = XCBuildConfiguration;
			buildSettings = {
				ASSETCATALOG_COMPILER_APPICON_NAME = AppIcon;
				INFOPLIST_FILE = TempusZero/Info.plist;
				IPHONEOS_DEPLOYMENT_TARGET = 7.0;
				LD_RUNPATH_SEARCH_PATHS = "$(inherited) @executable_path/Frameworks";
				PRODUCT_NAME = "$(TARGET_NAME)";
			};
			name = Debug;
		};
		333B45CC1A038DE9004799FF /* Release */ = {
			isa = XCBuildConfiguration;
			buildSettings = {
				ASSETCATALOG_COMPILER_APPICON_NAME = AppIcon;
				INFOPLIST_FILE = TempusZero/Info.plist;
				IPHONEOS_DEPLOYMENT_TARGET = 7.0;
				LD_RUNPATH_SEARCH_PATHS = "$(inherited) @executable_path/Frameworks";
				PRODUCT_NAME = "$(TARGET_NAME)";
			};
			name = Release;
		};
		333B45CE1A038DE9004799FF /* Debug */ = {
			isa = XCBuildConfiguration;
			buildSettings = {
				BUNDLE_LOADER = "$(TEST_HOST)";
				FRAMEWORK_SEARCH_PATHS = (
					"$(SDKROOT)/Developer/Library/Frameworks",
					"$(inherited)",
				);
				GCC_PREPROCESSOR_DEFINITIONS = (
					"DEBUG=1",
					"$(inherited)",
				);
				INFOPLIST_FILE = TempusZeroTests/Info.plist;
				LD_RUNPATH_SEARCH_PATHS = "$(inherited) @executable_path/Frameworks @loader_path/Frameworks";
				PRODUCT_NAME = "$(TARGET_NAME)";
				TEST_HOST = "$(BUILT_PRODUCTS_DIR)/TempusZero.app/TempusZero";
			};
			name = Debug;
		};
		333B45CF1A038DE9004799FF /* Release */ = {
			isa = XCBuildConfiguration;
			buildSettings = {
				BUNDLE_LOADER = "$(TEST_HOST)";
				FRAMEWORK_SEARCH_PATHS = (
					"$(SDKROOT)/Developer/Library/Frameworks",
					"$(inherited)",
				);
				INFOPLIST_FILE = TempusZeroTests/Info.plist;
				LD_RUNPATH_SEARCH_PATHS = "$(inherited) @executable_path/Frameworks @loader_path/Frameworks";
				PRODUCT_NAME = "$(TARGET_NAME)";
				TEST_HOST = "$(BUILT_PRODUCTS_DIR)/TempusZero.app/TempusZero";
			};
			name = Release;
		};
/* End XCBuildConfiguration section */

/* Begin XCConfigurationList section */
		333B45A21A038DE9004799FF /* Build configuration list for PBXProject "TempusZero" */ = {
			isa = XCConfigurationList;
			buildConfigurations = (
				333B45C81A038DE9004799FF /* Debug */,
				333B45C91A038DE9004799FF /* Release */,
			);
			defaultConfigurationIsVisible = 0;
			defaultConfigurationName = Release;
		};
		333B45CA1A038DE9004799FF /* Build configuration list for PBXNativeTarget "TempusZero" */ = {
			isa = XCConfigurationList;
			buildConfigurations = (
				333B45CB1A038DE9004799FF /* Debug */,
				333B45CC1A038DE9004799FF /* Release */,
			);
			defaultConfigurationIsVisible = 0;
		};
		333B45CD1A038DE9004799FF /* Build configuration list for PBXNativeTarget "TempusZeroTests" */ = {
			isa = XCConfigurationList;
			buildConfigurations = (
				333B45CE1A038DE9004799FF /* Debug */,
				333B45CF1A038DE9004799FF /* Release */,
			);
			defaultConfigurationIsVisible = 0;
		};
/* End XCConfigurationList section */
	};
	rootObject = 333B459F1A038DE9004799FF /* Project object */;
}
